
Microsoft Visual Studio Solution File, Format Version 12.00
# Visual Studio 2013
VisualStudioVersion = 12.0.21005.1
MinimumVisualStudioVersion = 10.0.40219.1
Project("{FAE04EC0-301F-11D3-BF4B-00C04F79EFBC}") = "WiboApp", "WiboApp\WiboApp.csproj", "{8DF55187-D493-4670-8DEF-EF603CA3C336}"
EndProject
Project("{FAE04EC0-301F-11D3-BF4B-00C04F79EFBC}") = "gmaps_tutorial", "gmaps_tutorial\gmaps_tutorial.csproj", "{54BCBFBE-7321-40EA-A527-9A901CA2E196}"
EndProject
Project("{FAE04EC0-301F-11D3-BF4B-00C04F79EFBC}") = "serveur_connection", "serveur_connection\serveur_connection.csproj", "{98A9CAC6-AC04-4757-9AAC-F2ECE8BF674E}"
EndProject
Project("{FAE04EC0-301F-11D3-BF4B-00C04F79EFBC}") = "serverConnection", "serverConnection\serverConnection.csproj", "{C75F3AC8-8FD0-4EE0-B5B8-278A79ADB944}"
EndProject
Global
	GlobalSection(SolutionConfigurationPlatforms) = preSolution
		Debug|Any CPU = Debug|Any CPU
		Debug|x86 = Debug|x86
		Release|Any CPU = Release|Any CPU
		Release|x86 = Release|x86
	EndGlobalSection
	GlobalSection(ProjectConfigurationPlatforms) = postSolution
		{8DF55187-D493-4670-8DEF-EF603CA3C336}.Debug|Any CPU.ActiveCfg = Debug|Any CPU
		{8DF55187-D493-4670-8DEF-EF603CA3C336}.Debug|Any CPU.Build.0 = Debug|Any CPU
		{8DF55187-D493-4670-8DEF-EF603CA3C336}.Debug|Any CPU.Deploy.0 = Debug|Any CPU
		{8DF55187-D493-4670-8DEF-EF603CA3C336}.Debug|x86.ActiveCfg = Debug|Any CPU
		{8DF55187-D493-4670-8DEF-EF603CA3C336}.Release|Any CPU.ActiveCfg = Release|Any CPU
		{8DF55187-D493-4670-8DEF-EF603CA3C336}.Release|Any CPU.Build.0 = Release|Any CPU
		{8DF55187-D493-4670-8DEF-EF603CA3C336}.Release|Any CPU.Deploy.0 = Release|Any CPU
		{8DF55187-D493-4670-8DEF-EF603CA3C336}.Release|x86.ActiveCfg = Release|Any CPU
		{54BCBFBE-7321-40EA-A527-9A901CA2E196}.Debug|Any CPU.ActiveCfg = Debug|Any CPU
		{54BCBFBE-7321-40EA-A527-9A901CA2E196}.Debug|Any CPU.Build.0 = Debug|Any CPU
		{54BCBFBE-7321-40EA-A527-9A901CA2E196}.Debug|Any CPU.Deploy.0 = Debug|Any CPU
		{54BCBFBE-7321-40EA-A527-9A901CA2E196}.Debug|x86.ActiveCfg = Debug|Any CPU
		{54BCBFBE-7321-40EA-A527-9A901CA2E196}.Release|Any CPU.ActiveCfg = Release|Any CPU
		{54BCBFBE-7321-40EA-A527-9A901CA2E196}.Release|Any CPU.Build.0 = Release|Any CPU
		{54BCBFBE-7321-40EA-A527-9A901CA2E196}.Release|Any CPU.Deploy.0 = Release|Any CPU
		{54BCBFBE-7321-40EA-A527-9A901CA2E196}.Release|x86.ActiveCfg = Release|Any CPU
		{98A9CAC6-AC04-4757-9AAC-F2ECE8BF674E}.Debug|Any CPU.ActiveCfg = Debug|Any CPU
		{98A9CAC6-AC04-4757-9AAC-F2ECE8BF674E}.Debug|Any CPU.Build.0 = Debug|Any CPU
		{98A9CAC6-AC04-4757-9AAC-F2ECE8BF674E}.Debug|Any CPU.Deploy.0 = Debug|Any CPU
		{98A9CAC6-AC04-4757-9AAC-F2ECE8BF674E}.Debug|x86.ActiveCfg = Debug|x86
		{98A9CAC6-AC04-4757-9AAC-F2ECE8BF674E}.Debug|x86.Build.0 = Debug|x86
		{98A9CAC6-AC04-4757-9AAC-F2ECE8BF674E}.Debug|x86.Deploy.0 = Debug|x86
		{98A9CAC6-AC04-4757-9AAC-F2ECE8BF674E}.Release|Any CPU.ActiveCfg = Release|x86
		{98A9CAC6-AC04-4757-9AAC-F2ECE8BF674E}.Release|Any CPU.Build.0 = Release|x86
		{98A9CAC6-AC04-4757-9AAC-F2ECE8BF674E}.Release|Any CPU.Deploy.0 = Release|x86
		{98A9CAC6-AC04-4757-9AAC-F2ECE8BF674E}.Release|x86.ActiveCfg = Release|Any CPU
		{98A9CAC6-AC04-4757-9AAC-F2ECE8BF674E}.Release|x86.Build.0 = Release|Any CPU
		{98A9CAC6-AC04-4757-9AAC-F2ECE8BF674E}.Release|x86.Deploy.0 = Release|Any CPU
		{C75F3AC8-8FD0-4EE0-B5B8-278A79ADB944}.Debug|Any CPU.ActiveCfg = Debug|Any CPU
		{C75F3AC8-8FD0-4EE0-B5B8-278A79ADB944}.Debug|Any CPU.Build.0 = Debug|Any CPU
		{C75F3AC8-8FD0-4EE0-B5B8-278A79ADB944}.Debug|Any CPU.Deploy.0 = Debug|Any CPU
		{C75F3AC8-8FD0-4EE0-B5B8-278A79ADB944}.Debug|x86.ActiveCfg = Debug|Any CPU
		{C75F3AC8-8FD0-4EE0-B5B8-278A79ADB944}.Release|Any CPU.ActiveCfg = Release|Any CPU
		{C75F3AC8-8FD0-4EE0-B5B8-278A79ADB944}.Release|Any CPU.Build.0 = Release|Any CPU
		{C75F3AC8-8FD0-4EE0-B5B8-278A79ADB944}.Release|Any CPU.Deploy.0 = Release|Any CPU
		{C75F3AC8-8FD0-4EE0-B5B8-278A79ADB944}.Release|x86.ActiveCfg = Release|Any CPU
	EndGlobalSection
	GlobalSection(SolutionProperties) = preSolution
		HideSolutionNode = FALSE
	EndGlobalSection
EndGlobal
